
Microsoft Visual Studio Solution File, Format Version 12.00
# Visual Studio Version 17
VisualStudioVersion = 17.0.31903.59
MinimumVisualStudioVersion = 10.0.40219.1
Project("{FAE04EC0-301F-11D3-BF4B-00C04F79EFBC}") = "weatherapp", "weatherapp.csproj", "{5D3A0453-0C96-4F7B-9147-F6D704729074}"
EndProject
Project("{FAE04EC0-301F-11D3-BF4B-00C04F79EFBC}") = "WeatherApp.Tests", "WeatherApp.Tests\WeatherApp.Tests.csproj", "{C3649540-C54E-462E-8089-BCB6EF307405}"
EndProject
Global
	GlobalSection(SolutionConfigurationPlatforms) = preSolution
		Debug|Any CPU = Debug|Any CPU
		Release|Any CPU = Release|Any CPU
	EndGlobalSection
	GlobalSection(SolutionProperties) = preSolution
		HideSolutionNode = FALSE
	EndGlobalSection
	GlobalSection(ProjectConfigurationPlatforms) = postSolution
		{5D3A0453-0C96-4F7B-9147-F6D704729074}.Debug|Any CPU.ActiveCfg = Debug|Any CPU
		{5D3A0453-0C96-4F7B-9147-F6D704729074}.Debug|Any CPU.Build.0 = Debug|Any CPU
		{5D3A0453-0C96-4F7B-9147-F6D704729074}.Release|Any CPU.ActiveCfg = Release|Any CPU
		{5D3A0453-0C96-4F7B-9147-F6D704729074}.Release|Any CPU.Build.0 = Release|Any CPU
		{C3649540-C54E-462E-8089-BCB6EF307405}.Debug|Any CPU.ActiveCfg = Debug|Any CPU
		{C3649540-C54E-462E-8089-BCB6EF307405}.Debug|Any CPU.Build.0 = Debug|Any CPU
		{C3649540-C54E-462E-8089-BCB6EF307405}.Release|Any CPU.ActiveCfg = Release|Any CPU
		{C3649540-C54E-462E-8089-BCB6EF307405}.Release|Any CPU.Build.0 = Release|Any CPU
	EndGlobalSection
EndGlobal
